{
  "dependencies": [
    {
      "commit": "c7233f7eb32e05006e0ed913e0fd6e65cf6380c2",
      "hash": "9512e715b1b7882b9281109efc19128935f197e075764061dde36edfa772db79",
      "id": "cnerium/json",
      "repo": "https://github.com/cnerium/json",
      "tag": "v0.4.0",
      "version": "0.4.0"
    }
  ],
  "lockVersion": 1
}
